// !$*UTF8*$!
{
	archiveVersion = 1;
	classes = {
	};
	objectVersion = 56;
	objects = {

/* Begin PBXBuildFile section */
		293FDD9429AFDF250035DB3B /* AppDelegate.swift in Sources */ = {isa = PBXBuildFile; fileRef = 293FDD9329AFDF250035DB3B /* AppDelegate.swift */; };
		293FDD9629AFDF250035DB3B /* SceneDelegate.swift in Sources */ = {isa = PBXBuildFile; fileRef = 293FDD9529AFDF250035DB3B /* SceneDelegate.swift */; };
		293FDD9B29AFDF250035DB3B /* Main.storyboard in Resources */ = {isa = PBXBuildFile; fileRef = 293FDD9929AFDF250035DB3B /* Main.storyboard */; };
		293FDDA029AFDF270035DB3B /* LaunchScreen.storyboard in Resources */ = {isa = PBXBuildFile; fileRef = 293FDD9E29AFDF270035DB3B /* LaunchScreen.storyboard */; };
		293FDDAD29AFE1DC0035DB3B /* Assets.xcassets in Resources */ = {isa = PBXBuildFile; fileRef = 293FDDAC29AFE1DC0035DB3B /* Assets.xcassets */; };
		293FDDAF29AFE3C00035DB3B /* AvengerListViewController.swift in Sources */ = {isa = PBXBuildFile; fileRef = 293FDDAE29AFE3C00035DB3B /* AvengerListViewController.swift */; };
		293FDDB129AFE4180035DB3B /* AvengerDetailVC.swift in Sources */ = {isa = PBXBuildFile; fileRef = 293FDDB029AFE4180035DB3B /* AvengerDetailVC.swift */; };
		293FDDB429AFF99B0035DB3B /* Constants.swift in Sources */ = {isa = PBXBuildFile; fileRef = 293FDDB329AFF99B0035DB3B /* Constants.swift */; };
		293FDDB629AFFC8F0035DB3B /* NetworkError.swift in Sources */ = {isa = PBXBuildFile; fileRef = 293FDDB529AFFC8F0035DB3B /* NetworkError.swift */; };
		293FDDB829AFFD2B0035DB3B /* Avenger.swift in Sources */ = {isa = PBXBuildFile; fileRef = 293FDDB729AFFD2B0035DB3B /* Avenger.swift */; };
		293FDDBA29B005F30035DB3B /* AvengerService.swift in Sources */ = {isa = PBXBuildFile; fileRef = 293FDDB929B005F30035DB3B /* AvengerService.swift */; };
/* End PBXBuildFile section */

/* Begin PBXFileReference section */
		293FDD9029AFDF250035DB3B /* AvengersCharacters.app */ = {isa = PBXFileReference; explicitFileType = wrapper.application; includeInIndex = 0; path = AvengersCharacters.app; sourceTree = BUILT_PRODUCTS_DIR; };
		293FDD9329AFDF250035DB3B /* AppDelegate.swift */ = {isa = PBXFileReference; lastKnownFileType = sourcecode.swift; path = AppDelegate.swift; sourceTree = "<group>"; };
		293FDD9529AFDF250035DB3B /* SceneDelegate.swift */ = {isa = PBXFileReference; lastKnownFileType = sourcecode.swift; path = SceneDelegate.swift; sourceTree = "<group>"; };
		293FDD9A29AFDF250035DB3B /* Base */ = {isa = PBXFileReference; lastKnownFileType = file.storyboard; name = Base; path = Base.lproj/Main.storyboard; sourceTree = "<group>"; };
		293FDD9F29AFDF270035DB3B /* Base */ = {isa = PBXFileReference; lastKnownFileType = file.storyboard; name = Base; path = Base.lproj/LaunchScreen.storyboard; sourceTree = "<group>"; };
		293FDDA129AFDF270035DB3B /* Info.plist */ = {isa = PBXFileReference; lastKnownFileType = text.plist.xml; path = Info.plist; sourceTree = "<group>"; };
		293FDDAC29AFE1DC0035DB3B /* Assets.xcassets */ = {isa = PBXFileReference; lastKnownFileType = folder.assetcatalog; path = Assets.xcassets; sourceTree = "<group>"; };
		293FDDAE29AFE3C00035DB3B /* AvengerListViewController.swift */ = {isa = PBXFileReference; lastKnownFileType = sourcecode.swift; path = AvengerListViewController.swift; sourceTree = "<group>"; };
		293FDDB029AFE4180035DB3B /* AvengerDetailVC.swift */ = {isa = PBXFileReference; lastKnownFileType = sourcecode.swift; path = AvengerDetailVC.swift; sourceTree = "<group>"; };
		293FDDB329AFF99B0035DB3B /* Constants.swift */ = {isa = PBXFileReference; lastKnownFileType = sourcecode.swift; path = Constants.swift; sourceTree = "<group>"; };
		293FDDB529AFFC8F0035DB3B /* NetworkError.swift */ = {isa = PBXFileReference; lastKnownFileType = sourcecode.swift; path = NetworkError.swift; sourceTree = "<group>"; };
		293FDDB729AFFD2B0035DB3B /* Avenger.swift */ = {isa = PBXFileReference; lastKnownFileType = sourcecode.swift; path = Avenger.swift; sourceTree = "<group>"; };
		293FDDB929B005F30035DB3B /* AvengerService.swift */ = {isa = PBXFileReference; lastKnownFileType = sourcecode.swift; path = AvengerService.swift; sourceTree = "<group>"; };
/* End PBXFileReference section */

/* Begin PBXFrameworksBuildPhase section */
		293FDD8D29AFDF250035DB3B /* Frameworks */ = {
			isa = PBXFrameworksBuildPhase;
			buildActionMask = 2147483647;
			files = (
			);
			runOnlyForDeploymentPostprocessing = 0;
		};
/* End PBXFrameworksBuildPhase section */

/* Begin PBXGroup section */
		293FDD8729AFDF250035DB3B = {
			isa = PBXGroup;
			children = (
				293FDD9229AFDF250035DB3B /* AvengersCharacters */,
				293FDD9129AFDF250035DB3B /* Products */,
			);
			sourceTree = "<group>";
		};
		293FDD9129AFDF250035DB3B /* Products */ = {
			isa = PBXGroup;
			children = (
				293FDD9029AFDF250035DB3B /* AvengersCharacters.app */,
			);
			name = Products;
			sourceTree = "<group>";
		};
		293FDD9229AFDF250035DB3B /* AvengersCharacters */ = {
			isa = PBXGroup;
			children = (
				293FDDA929AFDF900035DB3B /* Model */,
				293FDDAA29AFDFA00035DB3B /* Networking */,
				293FDDAB29AFDFB60035DB3B /* View Controllers */,
				293FDDB229AFF9810035DB3B /* Helper + Ext */,
				293FDDA829AFDF700035DB3B /* Storyboards */,
				293FDDA729AFDF4C0035DB3B /* Supporting FIles */,
			);
			path = AvengersCharacters;
			sourceTree = "<group>";
		};
		293FDDA729AFDF4C0035DB3B /* Supporting FIles */ = {
			isa = PBXGroup;
			children = (
				293FDD9329AFDF250035DB3B /* AppDelegate.swift */,
				293FDD9529AFDF250035DB3B /* SceneDelegate.swift */,
				293FDDAC29AFE1DC0035DB3B /* Assets.xcassets */,
				293FDDA129AFDF270035DB3B /* Info.plist */,
			);
			path = "Supporting FIles";
			sourceTree = "<group>";
		};
		293FDDA829AFDF700035DB3B /* Storyboards */ = {
			isa = PBXGroup;
			children = (
				293FDD9929AFDF250035DB3B /* Main.storyboard */,
				293FDD9E29AFDF270035DB3B /* LaunchScreen.storyboard */,
			);
			path = Storyboards;
			sourceTree = "<group>";
		};
		293FDDA929AFDF900035DB3B /* Model */ = {
			isa = PBXGroup;
			children = (
				293FDDB729AFFD2B0035DB3B /* Avenger.swift */,
			);
			path = Model;
			sourceTree = "<group>";
		};
		293FDDAA29AFDFA00035DB3B /* Networking */ = {
			isa = PBXGroup;
			children = (
				293FDDB929B005F30035DB3B /* AvengerService.swift */,
			);
			path = Networking;
			sourceTree = "<group>";
		};
		293FDDAB29AFDFB60035DB3B /* View Controllers */ = {
			isa = PBXGroup;
			children = (
				293FDDAE29AFE3C00035DB3B /* AvengerListViewController.swift */,
				293FDDB029AFE4180035DB3B /* AvengerDetailVC.swift */,
			);
			path = "View Controllers";
			sourceTree = "<group>";
		};
		293FDDB229AFF9810035DB3B /* Helper + Ext */ = {
			isa = PBXGroup;
			children = (
				293FDDB329AFF99B0035DB3B /* Constants.swift */,
				293FDDB529AFFC8F0035DB3B /* NetworkError.swift */,
			);
			path = "Helper + Ext";
			sourceTree = "<group>";
		};
/* End PBXGroup section */

/* Begin PBXNativeTarget section */
		293FDD8F29AFDF250035DB3B /* AvengersCharacters */ = {
			isa = PBXNativeTarget;
			buildConfigurationList = 293FDDA429AFDF270035DB3B /* Build configuration list for PBXNativeTarget "AvengersCharacters" */;
			buildPhases = (
				293FDD8C29AFDF250035DB3B /* Sources */,
				293FDD8D29AFDF250035DB3B /* Frameworks */,
				293FDD8E29AFDF250035DB3B /* Resources */,
			);
			buildRules = (
			);
			dependencies = (
			);
			name = AvengersCharacters;
			productName = AvengersCharacters;
			productReference = 293FDD9029AFDF250035DB3B /* AvengersCharacters.app */;
			productType = "com.apple.product-type.application";
		};
/* End PBXNativeTarget section */

/* Begin PBXProject section */
		293FDD8829AFDF250035DB3B /* Project object */ = {
			isa = PBXProject;
			attributes = {
				BuildIndependentTargetsInParallel = 1;
				LastSwiftUpdateCheck = 1420;
				LastUpgradeCheck = 1420;
				TargetAttributes = {
					293FDD8F29AFDF250035DB3B = {
						CreatedOnToolsVersion = 14.2;
					};
				};
			};
			buildConfigurationList = 293FDD8B29AFDF250035DB3B /* Build configuration list for PBXProject "AvengersCharacters" */;
			compatibilityVersion = "Xcode 14.0";
			developmentRegion = en;
			hasScannedForEncodings = 0;
			knownRegions = (
				en,
				Base,
			);
			mainGroup = 293FDD8729AFDF250035DB3B;
			productRefGroup = 293FDD9129AFDF250035DB3B /* Products */;
			projectDirPath = "";
			projectRoot = "";
			targets = (
				293FDD8F29AFDF250035DB3B /* AvengersCharacters */,
			);
		};
/* End PBXProject section */

/* Begin PBXResourcesBuildPhase section */
		293FDD8E29AFDF250035DB3B /* Resources */ = {
			isa = PBXResourcesBuildPhase;
			buildActionMask = 2147483647;
			files = (
				293FDDA029AFDF270035DB3B /* LaunchScreen.storyboard in Resources */,
				293FDDAD29AFE1DC0035DB3B /* Assets.xcassets in Resources */,
				293FDD9B29AFDF250035DB3B /* Main.storyboard in Resources */,
			);
			runOnlyForDeploymentPostprocessing = 0;
		};
/* End PBXResourcesBuildPhase section */

/* Begin PBXSourcesBuildPhase section */
		293FDD8C29AFDF250035DB3B /* Sources */ = {
			isa = PBXSourcesBuildPhase;
			buildActionMask = 2147483647;
			files = (
				293FDDBA29B005F30035DB3B /* AvengerService.swift in Sources */,
				293FDDB429AFF99B0035DB3B /* Constants.swift in Sources */,
				293FDDB829AFFD2B0035DB3B /* Avenger.swift in Sources */,
				293FDDB129AFE4180035DB3B /* AvengerDetailVC.swift in Sources */,
				293FDDAF29AFE3C00035DB3B /* AvengerListViewController.swift in Sources */,
				293FDDB629AFFC8F0035DB3B /* NetworkError.swift in Sources */,
				293FDD9429AFDF250035DB3B /* AppDelegate.swift in Sources */,
				293FDD9629AFDF250035DB3B /* SceneDelegate.swift in Sources */,
			);
			runOnlyForDeploymentPostprocessing = 0;
		};
/* End PBXSourcesBuildPhase section */

/* Begin PBXVariantGroup section */
		293FDD9929AFDF250035DB3B /* Main.storyboard */ = {
			isa = PBXVariantGroup;
			children = (
				293FDD9A29AFDF250035DB3B /* Base */,
			);
			name = Main.storyboard;
			sourceTree = "<group>";
		};
		293FDD9E29AFDF270035DB3B /* LaunchScreen.storyboard */ = {
			isa = PBXVariantGroup;
			children = (
				293FDD9F29AFDF270035DB3B /* Base */,
			);
			name = LaunchScreen.storyboard;
			sourceTree = "<group>";
		};
/* End PBXVariantGroup section */

/* Begin XCBuildConfiguration section */
		293FDDA229AFDF270035DB3B /* Debug */ = {
			isa = XCBuildConfiguration;
			buildSettings = {
				ALWAYS_SEARCH_USER_PATHS = NO;
				CLANG_ANALYZER_NONNULL = YES;
				CLANG_ANALYZER_NUMBER_OBJECT_CONVERSION = YES_AGGRESSIVE;
				CLANG_CXX_LANGUAGE_STANDARD = "gnu++20";
				CLANG_ENABLE_MODULES = YES;
				CLANG_ENABLE_OBJC_ARC = YES;
				CLANG_ENABLE_OBJC_WEAK = YES;
				CLANG_WARN_BLOCK_CAPTURE_AUTORELEASING = YES;
				CLANG_WARN_BOOL_CONVERSION = YES;
				CLANG_WARN_COMMA = YES;
				CLANG_WARN_CONSTANT_CONVERSION = YES;
				CLANG_WARN_DEPRECATED_OBJC_IMPLEMENTATIONS = YES;
				CLANG_WARN_DIRECT_OBJC_ISA_USAGE = YES_ERROR;
				CLANG_WARN_DOCUMENTATION_COMMENTS = YES;
				CLANG_WARN_EMPTY_BODY = YES;
				CLANG_WARN_ENUM_CONVERSION = YES;
				CLANG_WARN_INFINITE_RECURSION = YES;
				CLANG_WARN_INT_CONVERSION = YES;
				CLANG_WARN_NON_LITERAL_NULL_CONVERSION = YES;
				CLANG_WARN_OBJC_IMPLICIT_RETAIN_SELF = YES;
				CLANG_WARN_OBJC_LITERAL_CONVERSION = YES;
				CLANG_WARN_OBJC_ROOT_CLASS = YES_ERROR;
				CLANG_WARN_QUOTED_INCLUDE_IN_FRAMEWORK_HEADER = YES;
				CLANG_WARN_RANGE_LOOP_ANALYSIS = YES;
				CLANG_WARN_STRICT_PROTOTYPES = YES;
				CLANG_WARN_SUSPICIOUS_MOVE = YES;
				CLANG_WARN_UNGUARDED_AVAILABILITY = YES_AGGRESSIVE;
				CLANG_WARN_UNREACHABLE_CODE = YES;
				CLANG_WARN__DUPLICATE_METHOD_MATCH = YES;
				COPY_PHASE_STRIP = NO;
				DEBUG_INFORMATION_FORMAT = dwarf;
				ENABLE_STRICT_OBJC_MSGSEND = YES;
				ENABLE_TESTABILITY = YES;
				GCC_C_LANGUAGE_STANDARD = gnu11;
				GCC_DYNAMIC_NO_PIC = NO;
				GCC_NO_COMMON_BLOCKS = YES;
				GCC_OPTIMIZATION_LEVEL = 0;
				GCC_PREPROCESSOR_DEFINITIONS = (
					"DEBUG=1",
					"$(inherited)",
				);
				GCC_WARN_64_TO_32_BIT_CONVERSION = YES;
				GCC_WARN_ABOUT_RETURN_TYPE = YES_ERROR;
				GCC_WARN_UNDECLARED_SELECTOR = YES;
				GCC_WARN_UNINITIALIZED_AUTOS = YES_AGGRESSIVE;
				GCC_WARN_UNUSED_FUNCTION = YES;
				GCC_WARN_UNUSED_VARIABLE = YES;
				IPHONEOS_DEPLOYMENT_TARGET = 16.2;
				MTL_ENABLE_DEBUG_INFO = INCLUDE_SOURCE;
				MTL_FAST_MATH = YES;
				ONLY_ACTIVE_ARCH = YES;
				SDKROOT = iphoneos;
				SWIFT_ACTIVE_COMPILATION_CONDITIONS = DEBUG;
				SWIFT_OPTIMIZATION_LEVEL = "-Onone";
			};
			name = Debug;
		};
		293FDDA329AFDF270035DB3B /* Release */ = {
			isa = XCBuildConfiguration;
			buildSettings = {
				ALWAYS_SEARCH_USER_PATHS = NO;
				CLANG_ANALYZER_NONNULL = YES;
				CLANG_ANALYZER_NUMBER_OBJECT_CONVERSION = YES_AGGRESSIVE;
				CLANG_CXX_LANGUAGE_STANDARD = "gnu++20";
				CLANG_ENABLE_MODULES = YES;
				CLANG_ENABLE_OBJC_ARC = YES;
				CLANG_ENABLE_OBJC_WEAK = YES;
				CLANG_WARN_BLOCK_CAPTURE_AUTORELEASING = YES;
				CLANG_WARN_BOOL_CONVERSION = YES;
				CLANG_WARN_COMMA = YES;
				CLANG_WARN_CONSTANT_CONVERSION = YES;
				CLANG_WARN_DEPRECATED_OBJC_IMPLEMENTATIONS = YES;
				CLANG_WARN_DIRECT_OBJC_ISA_USAGE = YES_ERROR;
				CLANG_WARN_DOCUMENTATION_COMMENTS = YES;
				CLANG_WARN_EMPTY_BODY = YES;
				CLANG_WARN_ENUM_CONVERSION = YES;
				CLANG_WARN_INFINITE_RECURSION = YES;
				CLANG_WARN_INT_CONVERSION = YES;
				CLANG_WARN_NON_LITERAL_NULL_CONVERSION = YES;
				CLANG_WARN_OBJC_IMPLICIT_RETAIN_SELF = YES;
				CLANG_WARN_OBJC_LITERAL_CONVERSION = YES;
				CLANG_WARN_OBJC_ROOT_CLASS = YES_ERROR;
				CLANG_WARN_QUOTED_INCLUDE_IN_FRAMEWORK_HEADER = YES;
				CLANG_WARN_RANGE_LOOP_ANALYSIS = YES;
				CLANG_WARN_STRICT_PROTOTYPES = YES;
				CLANG_WARN_SUSPICIOUS_MOVE = YES;
				CLANG_WARN_UNGUARDED_AVAILABILITY = YES_AGGRESSIVE;
				CLANG_WARN_UNREACHABLE_CODE = YES;
				CLANG_WARN__DUPLICATE_METHOD_MATCH = YES;
				COPY_PHASE_STRIP = NO;
				DEBUG_INFORMATION_FORMAT = "dwarf-with-dsym";
				ENABLE_NS_ASSERTIONS = NO;
				ENABLE_STRICT_OBJC_MSGSEND = YES;
				GCC_C_LANGUAGE_STANDARD = gnu11;
				GCC_NO_COMMON_BLOCKS = YES;
				GCC_WARN_64_TO_32_BIT_CONVERSION = YES;
				GCC_WARN_ABOUT_RETURN_TYPE = YES_ERROR;
				GCC_WARN_UNDECLARED_SELECTOR = YES;
				GCC_WARN_UNINITIALIZED_AUTOS = YES_AGGRESSIVE;
				GCC_WARN_UNUSED_FUNCTION = YES;
				GCC_WARN_UNUSED_VARIABLE = YES;
				IPHONEOS_DEPLOYMENT_TARGET = 16.2;
				MTL_ENABLE_DEBUG_INFO = NO;
				MTL_FAST_MATH = YES;
				SDKROOT = iphoneos;
				SWIFT_COMPILATION_MODE = wholemodule;
				SWIFT_OPTIMIZATION_LEVEL = "-O";
				VALIDATE_PRODUCT = YES;
			};
			name = Release;
		};
		293FDDA529AFDF270035DB3B /* Debug */ = {
			isa = XCBuildConfiguration;
			buildSettings = {
				ASSETCATALOG_COMPILER_APPICON_NAME = AppIcon;
				ASSETCATALOG_COMPILER_GLOBAL_ACCENT_COLOR_NAME = AccentColor;
				CODE_SIGN_STYLE = Automatic;
				CURRENT_PROJECT_VERSION = 1;
				DEVELOPMENT_TEAM = W6HRJ6R6XG;
				GENERATE_INFOPLIST_FILE = YES;
				INFOPLIST_FILE = "AvengersCharacters/Supporting FIles/Info.plist";
				INFOPLIST_KEY_UIApplicationSupportsIndirectInputEvents = YES;
				INFOPLIST_KEY_UILaunchStoryboardName = LaunchScreen;
				INFOPLIST_KEY_UIMainStoryboardFile = Main;
				INFOPLIST_KEY_UISupportedInterfaceOrientations_iPad = "UIInterfaceOrientationPortrait UIInterfaceOrientationPortraitUpsideDown UIInterfaceOrientationLandscapeLeft UIInterfaceOrientationLandscapeRight";
				INFOPLIST_KEY_UISupportedInterfaceOrientations_iPhone = "UIInterfaceOrientationPortrait UIInterfaceOrientationLandscapeLeft UIInterfaceOrientationLandscapeRight";
				LD_RUNPATH_SEARCH_PATHS = (
					"$(inherited)",
					"@executable_path/Frameworks",
				);
				MARKETING_VERSION = 1.0;
				PRODUCT_BUNDLE_IDENTIFIER = com.Studio314.AvengersCharacters;
				PRODUCT_NAME = "$(TARGET_NAME)";
				SWIFT_EMIT_LOC_STRINGS = YES;
				SWIFT_VERSION = 5.0;
				TARGETED_DEVICE_FAMILY = "1,2";
			};
			name = Debug;
		};
		293FDDA629AFDF270035DB3B /* Release */ = {
			isa = XCBuildConfiguration;
			buildSettings = {
				ASSETCATALOG_COMPILER_APPICON_NAME = AppIcon;
				ASSETCATALOG_COMPILER_GLOBAL_ACCENT_COLOR_NAME = AccentColor;
				CODE_SIGN_STYLE = Automatic;
				CURRENT_PROJECT_VERSION = 1;
				DEVELOPMENT_TEAM = W6HRJ6R6XG;
				GENERATE_INFOPLIST_FILE = YES;
				INFOPLIST_FILE = "AvengersCharacters/Supporting FIles/Info.plist";
				INFOPLIST_KEY_UIApplicationSupportsIndirectInputEvents = YES;
				INFOPLIST_KEY_UILaunchStoryboardName = LaunchScreen;
				INFOPLIST_KEY_UIMainStoryboardFile = Main;
				INFOPLIST_KEY_UISupportedInterfaceOrientations_iPad = "UIInterfaceOrientationPortrait UIInterfaceOrientationPortraitUpsideDown UIInterfaceOrientationLandscapeLeft UIInterfaceOrientationLandscapeRight";
				INFOPLIST_KEY_UISupportedInterfaceOrientations_iPhone = "UIInterfaceOrientationPortrait UIInterfaceOrientationLandscapeLeft UIInterfaceOrientationLandscapeRight";
				LD_RUNPATH_SEARCH_PATHS = (
					"$(inherited)",
					"@executable_path/Frameworks",
				);
				MARKETING_VERSION = 1.0;
				PRODUCT_BUNDLE_IDENTIFIER = com.Studio314.AvengersCharacters;
				PRODUCT_NAME = "$(TARGET_NAME)";
				SWIFT_EMIT_LOC_STRINGS = YES;
				SWIFT_VERSION = 5.0;
				TARGETED_DEVICE_FAMILY = "1,2";
			};
			name = Release;
		};
/* End XCBuildConfiguration section */

/* Begin XCConfigurationList section */
		293FDD8B29AFDF250035DB3B /* Build configuration list for PBXProject "AvengersCharacters" */ = {
			isa = XCConfigurationList;
			buildConfigurations = (
				293FDDA229AFDF270035DB3B /* Debug */,
				293FDDA329AFDF270035DB3B /* Release */,
			);
			defaultConfigurationIsVisible = 0;
			defaultConfigurationName = Release;
		};
		293FDDA429AFDF270035DB3B /* Build configuration list for PBXNativeTarget "AvengersCharacters" */ = {
			isa = XCConfigurationList;
			buildConfigurations = (
				293FDDA529AFDF270035DB3B /* Debug */,
				293FDDA629AFDF270035DB3B /* Release */,
			);
			defaultConfigurationIsVisible = 0;
			defaultConfigurationName = Release;
		};
/* End XCConfigurationList section */
	};
	rootObject = 293FDD8829AFDF250035DB3B /* Project object */;
}
